
Microsoft Visual Studio Solution File, Format Version 12.00
# Visual Studio Version 17
VisualStudioVersion = 17.5.002.0
MinimumVisualStudioVersion = 10.0.40219.1
Project("{9A19103F-16F7-4668-BE54-9A1E7A4F7556}") = "KalabawFoodsFrontEnd", "KalabawFoodsFrontEnd.csproj", "{9E2DD256-00AF-43BE-94E0-03352FD495A4}"
EndProject
Global
	GlobalSection(SolutionConfigurationPlatforms) = preSolution
		Debug|Any CPU = Debug|Any CPU
		Release|Any CPU = Release|Any CPU
	EndGlobalSection
	GlobalSection(ProjectConfigurationPlatforms) = postSolution
		{9E2DD256-00AF-43BE-94E0-03352FD495A4}.Debug|Any CPU.ActiveCfg = Debug|Any CPU
		{9E2DD256-00AF-43BE-94E0-03352FD495A4}.Debug|Any CPU.Build.0 = Debug|Any CPU
		{9E2DD256-00AF-43BE-94E0-03352FD495A4}.Release|Any CPU.ActiveCfg = Release|Any CPU
		{9E2DD256-00AF-43BE-94E0-03352FD495A4}.Release|Any CPU.Build.0 = Release|Any CPU
	EndGlobalSection
	GlobalSection(SolutionProperties) = preSolution
		HideSolutionNode = FALSE
	EndGlobalSection
	GlobalSection(ExtensibilityGlobals) = postSolution
		SolutionGuid = {D2313E65-0150-4E66-BC67-5DD2D96FC1A3}
	EndGlobalSection
EndGlobal
